
Microsoft Visual Studio Solution File, Format Version 12.00
# Visual Studio Version 16
VisualStudioVersion = 16.0.31410.357
MinimumVisualStudioVersion = 10.0.40219.1
Project("{FAE04EC0-301F-11D3-BF4B-00C04F79EFBC}") = "Area_Of_Triangle", "Area_Of_Triangle.csproj", "{33072EF4-ADCE-47A3-9BF9-7DB5AEA435EB}"
EndProject
Global
	GlobalSection(SolutionConfigurationPlatforms) = preSolution
		Debug|Any CPU = Debug|Any CPU
		Release|Any CPU = Release|Any CPU
	EndGlobalSection
	GlobalSection(ProjectConfigurationPlatforms) = postSolution
		{33072EF4-ADCE-47A3-9BF9-7DB5AEA435EB}.Debug|Any CPU.ActiveCfg = Debug|Any CPU
		{33072EF4-ADCE-47A3-9BF9-7DB5AEA435EB}.Debug|Any CPU.Build.0 = Debug|Any CPU
		{33072EF4-ADCE-47A3-9BF9-7DB5AEA435EB}.Release|Any CPU.ActiveCfg = Release|Any CPU
		{33072EF4-ADCE-47A3-9BF9-7DB5AEA435EB}.Release|Any CPU.Build.0 = Release|Any CPU
	EndGlobalSection
	GlobalSection(SolutionProperties) = preSolution
		HideSolutionNode = FALSE
	EndGlobalSection
	GlobalSection(ExtensibilityGlobals) = postSolution
		SolutionGuid = {E560CE61-2E69-4AF7-9063-7CF7E1097AF9}
	EndGlobalSection
EndGlobal
